
Microsoft Visual Studio Solution File, Format Version 12.00
# Visual Studio Version 16
VisualStudioVersion = 16.0.31911.196
MinimumVisualStudioVersion = 10.0.40219.1
Project("{FAE04EC0-301F-11D3-BF4B-00C04F79EFBC}") = "3.3 - Calculating Infinite Sums", "3.3 - Calculating Infinite Sums\3.3 - Calculating Infinite Sums.csproj", "{06AA2176-F08A-4D5A-A15E-51E2CAFF169C}"
EndProject
Global
	GlobalSection(SolutionConfigurationPlatforms) = preSolution
		Debug|Any CPU = Debug|Any CPU
		Release|Any CPU = Release|Any CPU
	EndGlobalSection
	GlobalSection(ProjectConfigurationPlatforms) = postSolution
		{06AA2176-F08A-4D5A-A15E-51E2CAFF169C}.Debug|Any CPU.ActiveCfg = Debug|Any CPU
		{06AA2176-F08A-4D5A-A15E-51E2CAFF169C}.Debug|Any CPU.Build.0 = Debug|Any CPU
		{06AA2176-F08A-4D5A-A15E-51E2CAFF169C}.Release|Any CPU.ActiveCfg = Release|Any CPU
		{06AA2176-F08A-4D5A-A15E-51E2CAFF169C}.Release|Any CPU.Build.0 = Release|Any CPU
	EndGlobalSection
	GlobalSection(SolutionProperties) = preSolution
		HideSolutionNode = FALSE
	EndGlobalSection
	GlobalSection(ExtensibilityGlobals) = postSolution
		SolutionGuid = {0AD5B5C4-520B-4E53-BDA3-6D33A2A05FF1}
	EndGlobalSection
EndGlobal
